
Microsoft Visual Studio Solution File, Format Version 12.00
# Visual Studio 15
VisualStudioVersion = 15.0.27428.2002
MinimumVisualStudioVersion = 10.0.40219.1
Project("{FAE04EC0-301F-11D3-BF4B-00C04F79EFBC}") = "BitInsert", "BitInsert\BitInsert.csproj", "{82F8BEF8-ADF1-40C0-9555-9078632B999E}"
EndProject
Project("{FAE04EC0-301F-11D3-BF4B-00C04F79EFBC}") = "FindBigger", "FindBigger\FindBigger.csproj", "{4948E261-8052-4EAC-994F-17306FE48C5C}"
EndProject
Project("{FAE04EC0-301F-11D3-BF4B-00C04F79EFBC}") = "Root", "Root\Root.csproj", "{F9A0CD84-0A3F-4AFA-8649-EF3CE8CF3348}"
EndProject
Project("{FAE04EC0-301F-11D3-BF4B-00C04F79EFBC}") = "FindBigger.Test", "FindBigger.Test\FindBigger.Test.csproj", "{1544989E-4504-4ACB-B50A-A701AB15CE2B}"
EndProject
Project("{FAE04EC0-301F-11D3-BF4B-00C04F79EFBC}") = "FindBigger.NUnitTests", "FindBigger.NUnitTests\FindBigger.NUnitTests.csproj", "{9C781FFA-27B4-4D35-84F7-6871F9A5643A}"
EndProject
Project("{FAE04EC0-301F-11D3-BF4B-00C04F79EFBC}") = "Root.Test", "Root.Test\Root.Test.csproj", "{650A5A65-BB37-4AA2-B31F-F91018FEC266}"
EndProject
Global
	GlobalSection(SolutionConfigurationPlatforms) = preSolution
		Debug|Any CPU = Debug|Any CPU
		Release|Any CPU = Release|Any CPU
	EndGlobalSection
	GlobalSection(ProjectConfigurationPlatforms) = postSolution
		{82F8BEF8-ADF1-40C0-9555-9078632B999E}.Debug|Any CPU.ActiveCfg = Debug|Any CPU
		{82F8BEF8-ADF1-40C0-9555-9078632B999E}.Debug|Any CPU.Build.0 = Debug|Any CPU
		{82F8BEF8-ADF1-40C0-9555-9078632B999E}.Release|Any CPU.ActiveCfg = Release|Any CPU
		{82F8BEF8-ADF1-40C0-9555-9078632B999E}.Release|Any CPU.Build.0 = Release|Any CPU
		{4948E261-8052-4EAC-994F-17306FE48C5C}.Debug|Any CPU.ActiveCfg = Debug|Any CPU
		{4948E261-8052-4EAC-994F-17306FE48C5C}.Debug|Any CPU.Build.0 = Debug|Any CPU
		{4948E261-8052-4EAC-994F-17306FE48C5C}.Release|Any CPU.ActiveCfg = Release|Any CPU
		{4948E261-8052-4EAC-994F-17306FE48C5C}.Release|Any CPU.Build.0 = Release|Any CPU
		{F9A0CD84-0A3F-4AFA-8649-EF3CE8CF3348}.Debug|Any CPU.ActiveCfg = Debug|Any CPU
		{F9A0CD84-0A3F-4AFA-8649-EF3CE8CF3348}.Debug|Any CPU.Build.0 = Debug|Any CPU
		{F9A0CD84-0A3F-4AFA-8649-EF3CE8CF3348}.Release|Any CPU.ActiveCfg = Release|Any CPU
		{F9A0CD84-0A3F-4AFA-8649-EF3CE8CF3348}.Release|Any CPU.Build.0 = Release|Any CPU
		{1544989E-4504-4ACB-B50A-A701AB15CE2B}.Debug|Any CPU.ActiveCfg = Debug|Any CPU
		{1544989E-4504-4ACB-B50A-A701AB15CE2B}.Debug|Any CPU.Build.0 = Debug|Any CPU
		{1544989E-4504-4ACB-B50A-A701AB15CE2B}.Release|Any CPU.ActiveCfg = Release|Any CPU
		{1544989E-4504-4ACB-B50A-A701AB15CE2B}.Release|Any CPU.Build.0 = Release|Any CPU
		{9C781FFA-27B4-4D35-84F7-6871F9A5643A}.Debug|Any CPU.ActiveCfg = Debug|Any CPU
		{9C781FFA-27B4-4D35-84F7-6871F9A5643A}.Debug|Any CPU.Build.0 = Debug|Any CPU
		{9C781FFA-27B4-4D35-84F7-6871F9A5643A}.Release|Any CPU.ActiveCfg = Release|Any CPU
		{9C781FFA-27B4-4D35-84F7-6871F9A5643A}.Release|Any CPU.Build.0 = Release|Any CPU
		{650A5A65-BB37-4AA2-B31F-F91018FEC266}.Debug|Any CPU.ActiveCfg = Debug|Any CPU
		{650A5A65-BB37-4AA2-B31F-F91018FEC266}.Debug|Any CPU.Build.0 = Debug|Any CPU
		{650A5A65-BB37-4AA2-B31F-F91018FEC266}.Release|Any CPU.ActiveCfg = Release|Any CPU
		{650A5A65-BB37-4AA2-B31F-F91018FEC266}.Release|Any CPU.Build.0 = Release|Any CPU
	EndGlobalSection
	GlobalSection(SolutionProperties) = preSolution
		HideSolutionNode = FALSE
	EndGlobalSection
	GlobalSection(ExtensibilityGlobals) = postSolution
		SolutionGuid = {9AE3A62B-6D0D-4266-8088-F2408F7A7D87}
	EndGlobalSection
EndGlobal
