
Microsoft Visual Studio Solution File, Format Version 12.00
# Visual Studio 15
VisualStudioVersion = 15.0.27428.2002
MinimumVisualStudioVersion = 10.0.40219.1
Project("{FAE04EC0-301F-11D3-BF4B-00C04F79EFBC}") = "TimerEvents", "TimerEvents\TimerEvents.csproj", "{9EE9C35C-C639-4D2C-96C4-615E110F1575}"
EndProject
Project("{FAE04EC0-301F-11D3-BF4B-00C04F79EFBC}") = "Fibonacci", "Fibonacci\Fibonacci.csproj", "{9FA393C7-9CB7-4934-B125-884CC78046E7}"
EndProject
Project("{FAE04EC0-301F-11D3-BF4B-00C04F79EFBC}") = "BinarySearch", "BinarySearch\BinarySearch.csproj", "{5CB388F4-5DA9-439B-9ABD-6AD2EE95ABBD}"
EndProject
Project("{FAE04EC0-301F-11D3-BF4B-00C04F79EFBC}") = "TimeConsole", "TimeConsole\TimeConsole.csproj", "{76D663DF-949F-4EA6-8DB7-7F75C6307E13}"
EndProject
Project("{FAE04EC0-301F-11D3-BF4B-00C04F79EFBC}") = "GenericQueue", "GenericQueue\GenericQueue.csproj", "{3FE9B241-D7DE-4010-9BBD-709AEE5835CC}"
EndProject
Global
	GlobalSection(SolutionConfigurationPlatforms) = preSolution
		Debug|Any CPU = Debug|Any CPU
		Release|Any CPU = Release|Any CPU
	EndGlobalSection
	GlobalSection(ProjectConfigurationPlatforms) = postSolution
		{9EE9C35C-C639-4D2C-96C4-615E110F1575}.Debug|Any CPU.ActiveCfg = Debug|Any CPU
		{9EE9C35C-C639-4D2C-96C4-615E110F1575}.Debug|Any CPU.Build.0 = Debug|Any CPU
		{9EE9C35C-C639-4D2C-96C4-615E110F1575}.Release|Any CPU.ActiveCfg = Release|Any CPU
		{9EE9C35C-C639-4D2C-96C4-615E110F1575}.Release|Any CPU.Build.0 = Release|Any CPU
		{9FA393C7-9CB7-4934-B125-884CC78046E7}.Debug|Any CPU.ActiveCfg = Debug|Any CPU
		{9FA393C7-9CB7-4934-B125-884CC78046E7}.Debug|Any CPU.Build.0 = Debug|Any CPU
		{9FA393C7-9CB7-4934-B125-884CC78046E7}.Release|Any CPU.ActiveCfg = Release|Any CPU
		{9FA393C7-9CB7-4934-B125-884CC78046E7}.Release|Any CPU.Build.0 = Release|Any CPU
		{5CB388F4-5DA9-439B-9ABD-6AD2EE95ABBD}.Debug|Any CPU.ActiveCfg = Debug|Any CPU
		{5CB388F4-5DA9-439B-9ABD-6AD2EE95ABBD}.Debug|Any CPU.Build.0 = Debug|Any CPU
		{5CB388F4-5DA9-439B-9ABD-6AD2EE95ABBD}.Release|Any CPU.ActiveCfg = Release|Any CPU
		{5CB388F4-5DA9-439B-9ABD-6AD2EE95ABBD}.Release|Any CPU.Build.0 = Release|Any CPU
		{76D663DF-949F-4EA6-8DB7-7F75C6307E13}.Debug|Any CPU.ActiveCfg = Debug|Any CPU
		{76D663DF-949F-4EA6-8DB7-7F75C6307E13}.Debug|Any CPU.Build.0 = Debug|Any CPU
		{76D663DF-949F-4EA6-8DB7-7F75C6307E13}.Release|Any CPU.ActiveCfg = Release|Any CPU
		{76D663DF-949F-4EA6-8DB7-7F75C6307E13}.Release|Any CPU.Build.0 = Release|Any CPU
		{3FE9B241-D7DE-4010-9BBD-709AEE5835CC}.Debug|Any CPU.ActiveCfg = Debug|Any CPU
		{3FE9B241-D7DE-4010-9BBD-709AEE5835CC}.Debug|Any CPU.Build.0 = Debug|Any CPU
		{3FE9B241-D7DE-4010-9BBD-709AEE5835CC}.Release|Any CPU.ActiveCfg = Release|Any CPU
		{3FE9B241-D7DE-4010-9BBD-709AEE5835CC}.Release|Any CPU.Build.0 = Release|Any CPU
	EndGlobalSection
	GlobalSection(SolutionProperties) = preSolution
		HideSolutionNode = FALSE
	EndGlobalSection
	GlobalSection(ExtensibilityGlobals) = postSolution
		SolutionGuid = {5F197067-13F5-434A-848F-069CAEC0476E}
	EndGlobalSection
EndGlobal
