
Microsoft Visual Studio Solution File, Format Version 12.00
# Visual Studio 15
VisualStudioVersion = 15.0.27428.2002
MinimumVisualStudioVersion = 10.0.40219.1
Project("{FAE04EC0-301F-11D3-BF4B-00C04F79EFBC}") = "Sorting", "NET. S.2018.Kuzmiamkou.01\Sorting.csproj", "{94E6FD4D-F0E5-4751-984C-94EA8FED905E}"
EndProject
Project("{FAE04EC0-301F-11D3-BF4B-00C04F79EFBC}") = "ArrayFilter", "ArrayFilter\ArrayFilter.csproj", "{682444FF-A020-494F-A4F7-03193F0DDC03}"
EndProject
Project("{FAE04EC0-301F-11D3-BF4B-00C04F79EFBC}") = "Sorting.Test", "Sorting.Test\Sorting.Test.csproj", "{72370D30-92E5-4C64-A8A3-929D99E0C10E}"
EndProject
Project("{FAE04EC0-301F-11D3-BF4B-00C04F79EFBC}") = "ArrayFilterTest", "ArrayFilterTest\ArrayFilterTest.csproj", "{7895F87B-4C6A-424B-9864-3EB7C0158DFE}"
EndProject
Project("{FAE04EC0-301F-11D3-BF4B-00C04F79EFBC}") = "DDTArrayFilterTest", "DDTArrayFilterTest\DDTArrayFilterTest.csproj", "{411FC341-90E6-4056-8D39-AEDC1EE98826}"
EndProject
Global
	GlobalSection(SolutionConfigurationPlatforms) = preSolution
		Debug|Any CPU = Debug|Any CPU
		Release|Any CPU = Release|Any CPU
	EndGlobalSection
	GlobalSection(ProjectConfigurationPlatforms) = postSolution
		{94E6FD4D-F0E5-4751-984C-94EA8FED905E}.Debug|Any CPU.ActiveCfg = Debug|Any CPU
		{94E6FD4D-F0E5-4751-984C-94EA8FED905E}.Debug|Any CPU.Build.0 = Debug|Any CPU
		{94E6FD4D-F0E5-4751-984C-94EA8FED905E}.Release|Any CPU.ActiveCfg = Release|Any CPU
		{94E6FD4D-F0E5-4751-984C-94EA8FED905E}.Release|Any CPU.Build.0 = Release|Any CPU
		{682444FF-A020-494F-A4F7-03193F0DDC03}.Debug|Any CPU.ActiveCfg = Debug|Any CPU
		{682444FF-A020-494F-A4F7-03193F0DDC03}.Debug|Any CPU.Build.0 = Debug|Any CPU
		{682444FF-A020-494F-A4F7-03193F0DDC03}.Release|Any CPU.ActiveCfg = Release|Any CPU
		{682444FF-A020-494F-A4F7-03193F0DDC03}.Release|Any CPU.Build.0 = Release|Any CPU
		{72370D30-92E5-4C64-A8A3-929D99E0C10E}.Debug|Any CPU.ActiveCfg = Debug|Any CPU
		{72370D30-92E5-4C64-A8A3-929D99E0C10E}.Debug|Any CPU.Build.0 = Debug|Any CPU
		{72370D30-92E5-4C64-A8A3-929D99E0C10E}.Release|Any CPU.ActiveCfg = Release|Any CPU
		{72370D30-92E5-4C64-A8A3-929D99E0C10E}.Release|Any CPU.Build.0 = Release|Any CPU
		{7895F87B-4C6A-424B-9864-3EB7C0158DFE}.Debug|Any CPU.ActiveCfg = Debug|Any CPU
		{7895F87B-4C6A-424B-9864-3EB7C0158DFE}.Debug|Any CPU.Build.0 = Debug|Any CPU
		{7895F87B-4C6A-424B-9864-3EB7C0158DFE}.Release|Any CPU.ActiveCfg = Release|Any CPU
		{7895F87B-4C6A-424B-9864-3EB7C0158DFE}.Release|Any CPU.Build.0 = Release|Any CPU
		{411FC341-90E6-4056-8D39-AEDC1EE98826}.Debug|Any CPU.ActiveCfg = Debug|Any CPU
		{411FC341-90E6-4056-8D39-AEDC1EE98826}.Debug|Any CPU.Build.0 = Debug|Any CPU
		{411FC341-90E6-4056-8D39-AEDC1EE98826}.Release|Any CPU.ActiveCfg = Release|Any CPU
		{411FC341-90E6-4056-8D39-AEDC1EE98826}.Release|Any CPU.Build.0 = Release|Any CPU
	EndGlobalSection
	GlobalSection(SolutionProperties) = preSolution
		HideSolutionNode = FALSE
	EndGlobalSection
	GlobalSection(ExtensibilityGlobals) = postSolution
		SolutionGuid = {A7AB3DD7-430F-40AB-9948-ADA56BE94870}
	EndGlobalSection
EndGlobal
